{
  "version": 1,
  "dependencies": {
    ".NETCoreApp,Version=v5.0": {
      "Meziantou.Analyzer": {
        "type": "Direct",
        "requested": "[1.0.629, )",
        "resolved": "1.0.629",
        "contentHash": "sUbrnc2z/UxHETUNd/VmF3Z+tysmiFAcvFeZuolzShbBQDwMqaINrT5PmXAiEIIldzQN1Od5dWl3PSnvENUsxQ=="
      },
      "Microsoft.CodeAnalysis.BannedApiAnalyzers": {
        "type": "Direct",
        "requested": "[3.3.1, )",
        "resolved": "3.3.1",
        "contentHash": "UkoYLxQsyvwfoH1LgHWOm057dxsHTZQHSa7J0SwPhF65PUCau8R4MftoZkDU+ZJrDz+PyfQJBpaL+kdjisg9XA=="
      },
      "Microsoft.CodeAnalysis.NetAnalyzers": {
        "type": "Direct",
        "requested": "[5.0.1, )",
        "resolved": "5.0.1",
        "contentHash": "cntr+DrujUBhwa2hYc6KpR5PAeyFHHLPKW6hei2Canjkrme96+ZN9Et/jCLPVERcF/erTqJBpDhx14nuIP4bqg=="
      },
      "Microsoft.SourceLink.GitHub": {
        "type": "Direct",
        "requested": "[1.0.0, )",
        "resolved": "1.0.0",
        "contentHash": "aZyGyGg2nFSxix+xMkPmlmZSsnGQ3w+mIG23LTxJZHN+GPwTQ5FpPgDo7RMOq+Kcf5D4hFWfXkGhoGstawX13Q==",
        "dependencies": {
          "Microsoft.Build.Tasks.Git": "1.0.0",
          "Microsoft.SourceLink.Common": "1.0.0"
        }
      },
      "Microsoft.VisualStudio.Threading.Analyzers": {
        "type": "Direct",
        "requested": "[16.8.55, )",
        "resolved": "16.8.55",
        "contentHash": "mV3pB+CTFvXU2Hq+SDUbuMSLTN0jcsU1rD5N3rLGbzeHsiOqVCLpQvzedeOsu5FNoOggTVUgTAecuXzrv9yB0Q=="
      },
      "Microsoft.Build.Tasks.Git": {
        "type": "Transitive",
        "resolved": "1.0.0",
        "contentHash": "z2fpmmt+1Jfl+ZnBki9nSP08S1/tbEOxFdsK1rSR+LBehIJz1Xv9/6qOOoGNqlwnAGGVGis1Oj6S8Kt9COEYlQ=="
      },
      "Microsoft.SourceLink.Common": {
        "type": "Transitive",
        "resolved": "1.0.0",
        "contentHash": "G8DuQY8/DK5NN+3jm5wcMcd9QYD90UV7MiLmdljSJixi3U/vNaeBKmmXUqI4DJCOeWizIUEh4ALhSt58mR+5eg=="
      },
      "classlibrary": {
        "type": "Project"
      }
    }
  }
}